
Microsoft Visual Studio Solution File, Format Version 12.00
# Visual Studio 2012
Project("{FAE04EC0-301F-11D3-BF4B-00C04F79EFBC}") = "ResourceServer", "ResourceServer\ResourceServer.csproj", "{3C47CA00-1575-44DC-BB74-3378DF3EAEFE}"
EndProject
Global
	GlobalSection(SolutionConfigurationPlatforms) = preSolution
		Debug|Any CPU = Debug|Any CPU
		Release|Any CPU = Release|Any CPU
	EndGlobalSection
	GlobalSection(ProjectConfigurationPlatforms) = postSolution
		{3C47CA00-1575-44DC-BB74-3378DF3EAEFE}.Debug|Any CPU.ActiveCfg = Debug|Any CPU
		{3C47CA00-1575-44DC-BB74-3378DF3EAEFE}.Debug|Any CPU.Build.0 = Debug|Any CPU
		{3C47CA00-1575-44DC-BB74-3378DF3EAEFE}.Release|Any CPU.ActiveCfg = Release|Any CPU
		{3C47CA00-1575-44DC-BB74-3378DF3EAEFE}.Release|Any CPU.Build.0 = Release|Any CPU
	EndGlobalSection
EndGlobal
